
Microsoft Visual Studio Solution File, Format Version 12.00
# Visual Studio Version 16
VisualStudioVersion = 16.0.30114.105
MinimumVisualStudioVersion = 10.0.40219.1
Project("{FAE04EC0-301F-11D3-BF4B-00C04F79EFBC}") = "API", "API\API.csproj", "{BAF21E04-B523-4A27-83E2-3B439D15152D}"
EndProject
Project("{FAE04EC0-301F-11D3-BF4B-00C04F79EFBC}") = "Core", "Core\Core.csproj", "{2BD5E155-4AE2-4FE4-BBD8-9B4FAB6B9D98}"
EndProject
Project("{FAE04EC0-301F-11D3-BF4B-00C04F79EFBC}") = "Infrastructure", "Infrastructure\Infrastructure.csproj", "{C2AEE4EF-CADC-41B5-99F4-62A7E9C42C5E}"
EndProject
Global
	GlobalSection(SolutionConfigurationPlatforms) = preSolution
		Debug|Any CPU = Debug|Any CPU
		Release|Any CPU = Release|Any CPU
	EndGlobalSection
	GlobalSection(SolutionProperties) = preSolution
		HideSolutionNode = FALSE
	EndGlobalSection
	GlobalSection(ProjectConfigurationPlatforms) = postSolution
		{BAF21E04-B523-4A27-83E2-3B439D15152D}.Debug|Any CPU.ActiveCfg = Debug|Any CPU
		{BAF21E04-B523-4A27-83E2-3B439D15152D}.Debug|Any CPU.Build.0 = Debug|Any CPU
		{BAF21E04-B523-4A27-83E2-3B439D15152D}.Release|Any CPU.ActiveCfg = Release|Any CPU
		{BAF21E04-B523-4A27-83E2-3B439D15152D}.Release|Any CPU.Build.0 = Release|Any CPU
		{2BD5E155-4AE2-4FE4-BBD8-9B4FAB6B9D98}.Debug|Any CPU.ActiveCfg = Debug|Any CPU
		{2BD5E155-4AE2-4FE4-BBD8-9B4FAB6B9D98}.Debug|Any CPU.Build.0 = Debug|Any CPU
		{2BD5E155-4AE2-4FE4-BBD8-9B4FAB6B9D98}.Release|Any CPU.ActiveCfg = Release|Any CPU
		{2BD5E155-4AE2-4FE4-BBD8-9B4FAB6B9D98}.Release|Any CPU.Build.0 = Release|Any CPU
		{C2AEE4EF-CADC-41B5-99F4-62A7E9C42C5E}.Debug|Any CPU.ActiveCfg = Debug|Any CPU
		{C2AEE4EF-CADC-41B5-99F4-62A7E9C42C5E}.Debug|Any CPU.Build.0 = Debug|Any CPU
		{C2AEE4EF-CADC-41B5-99F4-62A7E9C42C5E}.Release|Any CPU.ActiveCfg = Release|Any CPU
		{C2AEE4EF-CADC-41B5-99F4-62A7E9C42C5E}.Release|Any CPU.Build.0 = Release|Any CPU
	EndGlobalSection
EndGlobal
